
Microsoft Visual Studio Solution File, Format Version 12.00
# Visual Studio 14
VisualStudioVersion = 14.0.23107.0
MinimumVisualStudioVersion = 10.0.40219.1
Project("{FAE04EC0-301F-11D3-BF4B-00C04F79EFBC}") = "IssueTrackingSystem2B", "IssueTrackingSystem2B\IssueTrackingSystem2B.csproj", "{C14FF666-6E5A-4EFF-A26F-13E4261323F0}"
EndProject
Global
	GlobalSection(SolutionConfigurationPlatforms) = preSolution
		Debug|Any CPU = Debug|Any CPU
		Release|Any CPU = Release|Any CPU
	EndGlobalSection
	GlobalSection(ProjectConfigurationPlatforms) = postSolution
		{C14FF666-6E5A-4EFF-A26F-13E4261323F0}.Debug|Any CPU.ActiveCfg = Debug|Any CPU
		{C14FF666-6E5A-4EFF-A26F-13E4261323F0}.Debug|Any CPU.Build.0 = Debug|Any CPU
		{C14FF666-6E5A-4EFF-A26F-13E4261323F0}.Release|Any CPU.ActiveCfg = Release|Any CPU
		{C14FF666-6E5A-4EFF-A26F-13E4261323F0}.Release|Any CPU.Build.0 = Release|Any CPU
	EndGlobalSection
	GlobalSection(SolutionProperties) = preSolution
		HideSolutionNode = FALSE
	EndGlobalSection
EndGlobal
